
Microsoft Visual Studio Solution File, Format Version 12.00
# Visual Studio Version 17
VisualStudioVersion = 17.10.35004.147
MinimumVisualStudioVersion = 10.0.40219.1
Project("{F184B08F-C81C-45F6-A57F-5ABD9991F28F}") = "SlidelyaiTask2", "SlidelyaiTask2\SlidelyaiTask2.vbproj", "{F35B8F39-ABCF-4674-BEFE-10DEC393F6C5}"
EndProject
Global
	GlobalSection(SolutionConfigurationPlatforms) = preSolution
		Debug|Any CPU = Debug|Any CPU
		Release|Any CPU = Release|Any CPU
	EndGlobalSection
	GlobalSection(ProjectConfigurationPlatforms) = postSolution
		{F35B8F39-ABCF-4674-BEFE-10DEC393F6C5}.Debug|Any CPU.ActiveCfg = Debug|Any CPU
		{F35B8F39-ABCF-4674-BEFE-10DEC393F6C5}.Debug|Any CPU.Build.0 = Debug|Any CPU
		{F35B8F39-ABCF-4674-BEFE-10DEC393F6C5}.Release|Any CPU.ActiveCfg = Release|Any CPU
		{F35B8F39-ABCF-4674-BEFE-10DEC393F6C5}.Release|Any CPU.Build.0 = Release|Any CPU
	EndGlobalSection
	GlobalSection(SolutionProperties) = preSolution
		HideSolutionNode = FALSE
	EndGlobalSection
	GlobalSection(ExtensibilityGlobals) = postSolution
		SolutionGuid = {52DA0E96-8995-4041-81BA-A14BB5D55C43}
	EndGlobalSection
EndGlobal
